
Microsoft Visual Studio Solution File, Format Version 12.00
# Visual Studio Version 17
VisualStudioVersion = 17.9.34616.47
MinimumVisualStudioVersion = 10.0.40219.1
Project("{FAE04EC0-301F-11D3-BF4B-00C04F79EFBC}") = "HW5_GalavonniWilson", "HW5_GalavonniWilson\HW5_GalavonniWilson.csproj", "{EB842933-82BD-4F0E-B82D-0AA12D447DC3}"
EndProject
Global
	GlobalSection(SolutionConfigurationPlatforms) = preSolution
		Debug|Any CPU = Debug|Any CPU
		Release|Any CPU = Release|Any CPU
	EndGlobalSection
	GlobalSection(ProjectConfigurationPlatforms) = postSolution
		{EB842933-82BD-4F0E-B82D-0AA12D447DC3}.Debug|Any CPU.ActiveCfg = Debug|Any CPU
		{EB842933-82BD-4F0E-B82D-0AA12D447DC3}.Debug|Any CPU.Build.0 = Debug|Any CPU
		{EB842933-82BD-4F0E-B82D-0AA12D447DC3}.Release|Any CPU.ActiveCfg = Release|Any CPU
		{EB842933-82BD-4F0E-B82D-0AA12D447DC3}.Release|Any CPU.Build.0 = Release|Any CPU
	EndGlobalSection
	GlobalSection(SolutionProperties) = preSolution
		HideSolutionNode = FALSE
	EndGlobalSection
	GlobalSection(ExtensibilityGlobals) = postSolution
		SolutionGuid = {8F10F4EB-5CBB-4C0C-B73C-75B36D74CF70}
	EndGlobalSection
EndGlobal
